// !$*UTF8*$!
{
	archiveVersion = 1;
	classes = {
	};
	objectVersion = 46;
	objects = {

/* Begin PBXBuildFile section */
		CF68EB0D1A691A29009BF032 /* RSSReaderTests.m in Sources */ = {isa = PBXBuildFile; fileRef = CF68EB0C1A691A29009BF032 /* RSSReaderTests.m */; };
		CFD95B221A7768BC00A894B3 /* AppDelegate.m in Sources */ = {isa = PBXBuildFile; fileRef = CFD95B031A7768BC00A894B3 /* AppDelegate.m */; };
		CFD95B231A7768BC00A894B3 /* NewsContentViewController.m in Sources */ = {isa = PBXBuildFile; fileRef = CFD95B061A7768BC00A894B3 /* NewsContentViewController.m */; };
		CFD95B241A7768BC00A894B3 /* NewsListViewController.m in Sources */ = {isa = PBXBuildFile; fileRef = CFD95B081A7768BC00A894B3 /* NewsListViewController.m */; };
		CFD95B251A7768BC00A894B3 /* DownloadAndParseNewsOperation.m in Sources */ = {isa = PBXBuildFile; fileRef = CFD95B0B1A7768BC00A894B3 /* DownloadAndParseNewsOperation.m */; };
		CFD95B261A7768BC00A894B3 /* NewsForegroundDownloader.m in Sources */ = {isa = PBXBuildFile; fileRef = CFD95B0D1A7768BC00A894B3 /* NewsForegroundDownloader.m */; };
		CFD95B281A7768BC00A894B3 /* NewsSourse.m in Sources */ = {isa = PBXBuildFile; fileRef = CFD95B141A7768BC00A894B3 /* NewsSourse.m */; };
		CFD95B291A7768BC00A894B3 /* RSSParser.m in Sources */ = {isa = PBXBuildFile; fileRef = CFD95B171A7768BC00A894B3 /* RSSParser.m */; };
		CFD95B2A1A7768BC00A894B3 /* Images.xcassets in Resources */ = {isa = PBXBuildFile; fileRef = CFD95B1A1A7768BC00A894B3 /* Images.xcassets */; };
		CFD95B2B1A7768BC00A894B3 /* Main.storyboard in Resources */ = {isa = PBXBuildFile; fileRef = CFD95B1C1A7768BC00A894B3 /* Main.storyboard */; };
		CFD95B2C1A7768BC00A894B3 /* LaunchScreen.xib in Resources */ = {isa = PBXBuildFile; fileRef = CFD95B1E1A7768BC00A894B3 /* LaunchScreen.xib */; };
		CFD95B2E1A7768BC00A894B3 /* main.m in Sources */ = {isa = PBXBuildFile; fileRef = CFD95B211A7768BC00A894B3 /* main.m */; };
		CFD95B341A776E4300A894B3 /* NewsFeedTableViewController.m in Sources */ = {isa = PBXBuildFile; fileRef = CFD95B331A776E4300A894B3 /* NewsFeedTableViewController.m */; };
		CFD95B371A77757500A894B3 /* NewsFeedSourse.m in Sources */ = {isa = PBXBuildFile; fileRef = CFD95B361A77757500A894B3 /* NewsFeedSourse.m */; };
		CFD95B3C1A7784C900A894B3 /* AddNewsFeedViewController.m in Sources */ = {isa = PBXBuildFile; fileRef = CFD95B3B1A7784C900A894B3 /* AddNewsFeedViewController.m */; };
		CFD95B451A783E3300A894B3 /* CoreData.framework in Frameworks */ = {isa = PBXBuildFile; fileRef = CFD95B441A783E3300A894B3 /* CoreData.framework */; settings = {ATTRIBUTES = (Required, ); }; };
		CFD95B4B1A783E8600A894B3 /* NewsFeedsDataModel.xcdatamodeld in Sources */ = {isa = PBXBuildFile; fileRef = CFD95B491A783E8600A894B3 /* NewsFeedsDataModel.xcdatamodeld */; };
		CFD95B6D1A7B8E7D00A894B3 /* NewsFeed.m in Sources */ = {isa = PBXBuildFile; fileRef = CFD95B6C1A7B8E7D00A894B3 /* NewsFeed.m */; };
		CFD95B701A7B8E7D00A894B3 /* NewsItem.m in Sources */ = {isa = PBXBuildFile; fileRef = CFD95B6F1A7B8E7D00A894B3 /* NewsItem.m */; };
		CFDA2E971A8226B60068A632 /* NewsBackgroundDownloader.m in Sources */ = {isa = PBXBuildFile; fileRef = CFDA2E961A8226B60068A632 /* NewsBackgroundDownloader.m */; };
/* End PBXBuildFile section */

/* Begin PBXContainerItemProxy section */
		CF68EB071A691A29009BF032 /* PBXContainerItemProxy */ = {
			isa = PBXContainerItemProxy;
			containerPortal = CF68EAE51A691A29009BF032 /* Project object */;
			proxyType = 1;
			remoteGlobalIDString = CF68EAEC1A691A29009BF032;
			remoteInfo = RSSReader;
		};
/* End PBXContainerItemProxy section */

/* Begin PBXFileReference section */
		CF68EAED1A691A29009BF032 /* RSSReader.app */ = {isa = PBXFileReference; explicitFileType = wrapper.application; includeInIndex = 0; path = RSSReader.app; sourceTree = BUILT_PRODUCTS_DIR; };
		CF68EB061A691A29009BF032 /* RSSReaderTests.xctest */ = {isa = PBXFileReference; explicitFileType = wrapper.cfbundle; includeInIndex = 0; path = RSSReaderTests.xctest; sourceTree = BUILT_PRODUCTS_DIR; };
		CF68EB0B1A691A29009BF032 /* Info.plist */ = {isa = PBXFileReference; lastKnownFileType = text.plist.xml; path = Info.plist; sourceTree = "<group>"; };
		CF68EB0C1A691A29009BF032 /* RSSReaderTests.m */ = {isa = PBXFileReference; lastKnownFileType = sourcecode.c.objc; path = RSSReaderTests.m; sourceTree = "<group>"; };
		CFD95B021A7768BC00A894B3 /* AppDelegate.h */ = {isa = PBXFileReference; fileEncoding = 4; lastKnownFileType = sourcecode.c.h; path = AppDelegate.h; sourceTree = "<group>"; };
		CFD95B031A7768BC00A894B3 /* AppDelegate.m */ = {isa = PBXFileReference; fileEncoding = 4; lastKnownFileType = sourcecode.c.objc; path = AppDelegate.m; sourceTree = "<group>"; };
		CFD95B051A7768BC00A894B3 /* NewsContentViewController.h */ = {isa = PBXFileReference; fileEncoding = 4; lastKnownFileType = sourcecode.c.h; path = NewsContentViewController.h; sourceTree = "<group>"; };
		CFD95B061A7768BC00A894B3 /* NewsContentViewController.m */ = {isa = PBXFileReference; fileEncoding = 4; lastKnownFileType = sourcecode.c.objc; path = NewsContentViewController.m; sourceTree = "<group>"; };
		CFD95B071A7768BC00A894B3 /* NewsListViewController.h */ = {isa = PBXFileReference; fileEncoding = 4; lastKnownFileType = sourcecode.c.h; path = NewsListViewController.h; sourceTree = "<group>"; };
		CFD95B081A7768BC00A894B3 /* NewsListViewController.m */ = {isa = PBXFileReference; fileEncoding = 4; lastKnownFileType = sourcecode.c.objc; path = NewsListViewController.m; sourceTree = "<group>"; };
		CFD95B0A1A7768BC00A894B3 /* DownloadAndParseNewsOperation.h */ = {isa = PBXFileReference; fileEncoding = 4; lastKnownFileType = sourcecode.c.h; path = DownloadAndParseNewsOperation.h; sourceTree = "<group>"; };
		CFD95B0B1A7768BC00A894B3 /* DownloadAndParseNewsOperation.m */ = {isa = PBXFileReference; fileEncoding = 4; lastKnownFileType = sourcecode.c.objc; path = DownloadAndParseNewsOperation.m; sourceTree = "<group>"; };
		CFD95B0C1A7768BC00A894B3 /* NewsForegroundDownloader.h */ = {isa = PBXFileReference; fileEncoding = 4; lastKnownFileType = sourcecode.c.h; path = NewsForegroundDownloader.h; sourceTree = "<group>"; };
		CFD95B0D1A7768BC00A894B3 /* NewsForegroundDownloader.m */ = {isa = PBXFileReference; fileEncoding = 4; lastKnownFileType = sourcecode.c.objc; path = NewsForegroundDownloader.m; sourceTree = "<group>"; };
		CFD95B111A7768BC00A894B3 /* NewsParser.h */ = {isa = PBXFileReference; fileEncoding = 4; lastKnownFileType = sourcecode.c.h; path = NewsParser.h; sourceTree = "<group>"; };
		CFD95B131A7768BC00A894B3 /* NewsSourse.h */ = {isa = PBXFileReference; fileEncoding = 4; lastKnownFileType = sourcecode.c.h; path = NewsSourse.h; sourceTree = "<group>"; };
		CFD95B141A7768BC00A894B3 /* NewsSourse.m */ = {isa = PBXFileReference; fileEncoding = 4; lastKnownFileType = sourcecode.c.objc; path = NewsSourse.m; sourceTree = "<group>"; };
		CFD95B161A7768BC00A894B3 /* RSSParser.h */ = {isa = PBXFileReference; fileEncoding = 4; lastKnownFileType = sourcecode.c.h; path = RSSParser.h; sourceTree = "<group>"; };
		CFD95B171A7768BC00A894B3 /* RSSParser.m */ = {isa = PBXFileReference; fileEncoding = 4; lastKnownFileType = sourcecode.c.objc; path = RSSParser.m; sourceTree = "<group>"; };
		CFD95B1A1A7768BC00A894B3 /* Images.xcassets */ = {isa = PBXFileReference; lastKnownFileType = folder.assetcatalog; path = Images.xcassets; sourceTree = "<group>"; };
		CFD95B1C1A7768BC00A894B3 /* Main.storyboard */ = {isa = PBXFileReference; fileEncoding = 4; lastKnownFileType = file.storyboard; path = Main.storyboard; sourceTree = "<group>"; };
		CFD95B1E1A7768BC00A894B3 /* LaunchScreen.xib */ = {isa = PBXFileReference; fileEncoding = 4; lastKnownFileType = file.xib; path = LaunchScreen.xib; sourceTree = "<group>"; };
		CFD95B201A7768BC00A894B3 /* Info.plist */ = {isa = PBXFileReference; fileEncoding = 4; lastKnownFileType = text.plist.xml; path = Info.plist; sourceTree = "<group>"; };
		CFD95B211A7768BC00A894B3 /* main.m */ = {isa = PBXFileReference; fileEncoding = 4; lastKnownFileType = sourcecode.c.objc; path = main.m; sourceTree = "<group>"; };
		CFD95B321A776E4300A894B3 /* NewsFeedTableViewController.h */ = {isa = PBXFileReference; fileEncoding = 4; lastKnownFileType = sourcecode.c.h; path = NewsFeedTableViewController.h; sourceTree = "<group>"; };
		CFD95B331A776E4300A894B3 /* NewsFeedTableViewController.m */ = {isa = PBXFileReference; fileEncoding = 4; lastKnownFileType = sourcecode.c.objc; path = NewsFeedTableViewController.m; sourceTree = "<group>"; };
		CFD95B351A77757500A894B3 /* NewsFeedSourse.h */ = {isa = PBXFileReference; fileEncoding = 4; lastKnownFileType = sourcecode.c.h; path = NewsFeedSourse.h; sourceTree = "<group>"; };
		CFD95B361A77757500A894B3 /* NewsFeedSourse.m */ = {isa = PBXFileReference; fileEncoding = 4; lastKnownFileType = sourcecode.c.objc; path = NewsFeedSourse.m; sourceTree = "<group>"; };
		CFD95B3A1A7784C900A894B3 /* AddNewsFeedViewController.h */ = {isa = PBXFileReference; fileEncoding = 4; lastKnownFileType = sourcecode.c.h; path = AddNewsFeedViewController.h; sourceTree = "<group>"; };
		CFD95B3B1A7784C900A894B3 /* AddNewsFeedViewController.m */ = {isa = PBXFileReference; fileEncoding = 4; lastKnownFileType = sourcecode.c.objc; path = AddNewsFeedViewController.m; sourceTree = "<group>"; };
		CFD95B441A783E3300A894B3 /* CoreData.framework */ = {isa = PBXFileReference; lastKnownFileType = wrapper.framework; name = CoreData.framework; path = System/Library/Frameworks/CoreData.framework; sourceTree = SDKROOT; };
		CFD95B4A1A783E8600A894B3 /* NewsFeedsDataModel.xcdatamodel */ = {isa = PBXFileReference; lastKnownFileType = wrapper.xcdatamodel; path = NewsFeedsDataModel.xcdatamodel; sourceTree = "<group>"; };
		CFD95B6B1A7B8E7D00A894B3 /* NewsFeed.h */ = {isa = PBXFileReference; fileEncoding = 4; lastKnownFileType = sourcecode.c.h; name = NewsFeed.h; path = DataModel/NewsFeed.h; sourceTree = "<group>"; };
		CFD95B6C1A7B8E7D00A894B3 /* NewsFeed.m */ = {isa = PBXFileReference; fileEncoding = 4; lastKnownFileType = sourcecode.c.objc; name = NewsFeed.m; path = DataModel/NewsFeed.m; sourceTree = "<group>"; };
		CFD95B6E1A7B8E7D00A894B3 /* NewsItem.h */ = {isa = PBXFileReference; fileEncoding = 4; lastKnownFileType = sourcecode.c.h; name = NewsItem.h; path = DataModel/NewsItem.h; sourceTree = "<group>"; };
		CFD95B6F1A7B8E7D00A894B3 /* NewsItem.m */ = {isa = PBXFileReference; fileEncoding = 4; lastKnownFileType = sourcecode.c.objc; name = NewsItem.m; path = DataModel/NewsItem.m; sourceTree = "<group>"; };
		CFDA2E951A8226B60068A632 /* NewsBackgroundDownloader.h */ = {isa = PBXFileReference; fileEncoding = 4; lastKnownFileType = sourcecode.c.h; path = NewsBackgroundDownloader.h; sourceTree = "<group>"; };
		CFDA2E961A8226B60068A632 /* NewsBackgroundDownloader.m */ = {isa = PBXFileReference; fileEncoding = 4; lastKnownFileType = sourcecode.c.objc; path = NewsBackgroundDownloader.m; sourceTree = "<group>"; };
		CFDA2E981A82296E0068A632 /* NewsDownloader.h */ = {isa = PBXFileReference; lastKnownFileType = sourcecode.c.h; path = NewsDownloader.h; sourceTree = "<group>"; };
/* End PBXFileReference section */

/* Begin PBXFrameworksBuildPhase section */
		CF68EAEA1A691A29009BF032 /* Frameworks */ = {
			isa = PBXFrameworksBuildPhase;
			buildActionMask = 2147483647;
			files = (
				CFD95B451A783E3300A894B3 /* CoreData.framework in Frameworks */,
			);
			runOnlyForDeploymentPostprocessing = 0;
		};
		CF68EB031A691A29009BF032 /* Frameworks */ = {
			isa = PBXFrameworksBuildPhase;
			buildActionMask = 2147483647;
			files = (
			);
			runOnlyForDeploymentPostprocessing = 0;
		};
/* End PBXFrameworksBuildPhase section */

/* Begin PBXGroup section */
		CF68EAE41A691A29009BF032 = {
			isa = PBXGroup;
			children = (
				CF68EAEF1A691A29009BF032 /* RSSReader */,
				CF68EB091A691A29009BF032 /* RSSReaderTests */,
				CF68EAEE1A691A29009BF032 /* Products */,
			);
			sourceTree = "<group>";
		};
		CF68EAEE1A691A29009BF032 /* Products */ = {
			isa = PBXGroup;
			children = (
				CF68EAED1A691A29009BF032 /* RSSReader.app */,
				CF68EB061A691A29009BF032 /* RSSReaderTests.xctest */,
			);
			name = Products;
			sourceTree = "<group>";
		};
		CF68EAEF1A691A29009BF032 /* RSSReader */ = {
			isa = PBXGroup;
			children = (
				CFDA2E941A8203170068A632 /* Frameworks */,
				CFD95B001A7768BC00A894B3 /* Classes */,
				CFD95B181A7768BC00A894B3 /* Resources */,
				CFD95B1F1A7768BC00A894B3 /* Supporting Files */,
			);
			path = RSSReader;
			sourceTree = "<group>";
		};
		CF68EB091A691A29009BF032 /* RSSReaderTests */ = {
			isa = PBXGroup;
			children = (
				CF68EB0C1A691A29009BF032 /* RSSReaderTests.m */,
				CF68EB0A1A691A29009BF032 /* Supporting Files */,
			);
			path = RSSReaderTests;
			sourceTree = "<group>";
		};
		CF68EB0A1A691A29009BF032 /* Supporting Files */ = {
			isa = PBXGroup;
			children = (
				CF68EB0B1A691A29009BF032 /* Info.plist */,
			);
			name = "Supporting Files";
			sourceTree = "<group>";
		};
		CFD95B001A7768BC00A894B3 /* Classes */ = {
			isa = PBXGroup;
			children = (
				CFD95B521A78499300A894B3 /* DataModel */,
				CFD95B011A7768BC00A894B3 /* AppDelegate */,
				CFD95B041A7768BC00A894B3 /* Controllers */,
				CFD95B091A7768BC00A894B3 /* Model */,
			);
			path = Classes;
			sourceTree = "<group>";
		};
		CFD95B011A7768BC00A894B3 /* AppDelegate */ = {
			isa = PBXGroup;
			children = (
				CFD95B021A7768BC00A894B3 /* AppDelegate.h */,
				CFD95B031A7768BC00A894B3 /* AppDelegate.m */,
			);
			path = AppDelegate;
			sourceTree = "<group>";
		};
		CFD95B041A7768BC00A894B3 /* Controllers */ = {
			isa = PBXGroup;
			children = (
				CFD95B051A7768BC00A894B3 /* NewsContentViewController.h */,
				CFD95B061A7768BC00A894B3 /* NewsContentViewController.m */,
				CFD95B071A7768BC00A894B3 /* NewsListViewController.h */,
				CFD95B081A7768BC00A894B3 /* NewsListViewController.m */,
				CFD95B321A776E4300A894B3 /* NewsFeedTableViewController.h */,
				CFD95B331A776E4300A894B3 /* NewsFeedTableViewController.m */,
				CFD95B3A1A7784C900A894B3 /* AddNewsFeedViewController.h */,
				CFD95B3B1A7784C900A894B3 /* AddNewsFeedViewController.m */,
			);
			path = Controllers;
			sourceTree = "<group>";
		};
		CFD95B091A7768BC00A894B3 /* Model */ = {
			isa = PBXGroup;
			children = (
				CFD95B0A1A7768BC00A894B3 /* DownloadAndParseNewsOperation.h */,
				CFD95B0B1A7768BC00A894B3 /* DownloadAndParseNewsOperation.m */,
				CFDA2E981A82296E0068A632 /* NewsDownloader.h */,
				CFD95B0C1A7768BC00A894B3 /* NewsForegroundDownloader.h */,
				CFD95B0D1A7768BC00A894B3 /* NewsForegroundDownloader.m */,
				CFDA2E951A8226B60068A632 /* NewsBackgroundDownloader.h */,
				CFDA2E961A8226B60068A632 /* NewsBackgroundDownloader.m */,
				CFD95B111A7768BC00A894B3 /* NewsParser.h */,
				CFD95B161A7768BC00A894B3 /* RSSParser.h */,
				CFD95B171A7768BC00A894B3 /* RSSParser.m */,
				CFD95B131A7768BC00A894B3 /* NewsSourse.h */,
				CFD95B141A7768BC00A894B3 /* NewsSourse.m */,
				CFD95B351A77757500A894B3 /* NewsFeedSourse.h */,
				CFD95B361A77757500A894B3 /* NewsFeedSourse.m */,
			);
			path = Model;
			sourceTree = "<group>";
		};
		CFD95B181A7768BC00A894B3 /* Resources */ = {
			isa = PBXGroup;
			children = (
				CFD95B401A77DD8F00A894B3 /* DataModels */,
				CFD95B191A7768BC00A894B3 /* Images */,
				CFD95B1B1A7768BC00A894B3 /* Storyboards */,
				CFD95B1D1A7768BC00A894B3 /* XIBs */,
			);
			path = Resources;
			sourceTree = "<group>";
		};
		CFD95B191A7768BC00A894B3 /* Images */ = {
			isa = PBXGroup;
			children = (
				CFD95B1A1A7768BC00A894B3 /* Images.xcassets */,
			);
			path = Images;
			sourceTree = "<group>";
		};
		CFD95B1B1A7768BC00A894B3 /* Storyboards */ = {
			isa = PBXGroup;
			children = (
				CFD95B1C1A7768BC00A894B3 /* Main.storyboard */,
			);
			path = Storyboards;
			sourceTree = "<group>";
		};
		CFD95B1D1A7768BC00A894B3 /* XIBs */ = {
			isa = PBXGroup;
			children = (
				CFD95B1E1A7768BC00A894B3 /* LaunchScreen.xib */,
			);
			path = XIBs;
			sourceTree = "<group>";
		};
		CFD95B1F1A7768BC00A894B3 /* Supporting Files */ = {
			isa = PBXGroup;
			children = (
				CFD95B201A7768BC00A894B3 /* Info.plist */,
				CFD95B211A7768BC00A894B3 /* main.m */,
			);
			path = "Supporting Files";
			sourceTree = "<group>";
		};
		CFD95B401A77DD8F00A894B3 /* DataModels */ = {
			isa = PBXGroup;
			children = (
				CFD95B491A783E8600A894B3 /* NewsFeedsDataModel.xcdatamodeld */,
			);
			path = DataModels;
			sourceTree = "<group>";
		};
		CFD95B521A78499300A894B3 /* DataModel */ = {
			isa = PBXGroup;
			children = (
				CFD95B6E1A7B8E7D00A894B3 /* NewsItem.h */,
				CFD95B6F1A7B8E7D00A894B3 /* NewsItem.m */,
				CFD95B6B1A7B8E7D00A894B3 /* NewsFeed.h */,
				CFD95B6C1A7B8E7D00A894B3 /* NewsFeed.m */,
			);
			name = DataModel;
			sourceTree = "<group>";
		};
		CFDA2E941A8203170068A632 /* Frameworks */ = {
			isa = PBXGroup;
			children = (
				CFD95B441A783E3300A894B3 /* CoreData.framework */,
			);
			path = Frameworks;
			sourceTree = "<group>";
		};
/* End PBXGroup section */

/* Begin PBXNativeTarget section */
		CF68EAEC1A691A29009BF032 /* RSSReader */ = {
			isa = PBXNativeTarget;
			buildConfigurationList = CF68EB101A691A29009BF032 /* Build configuration list for PBXNativeTarget "RSSReader" */;
			buildPhases = (
				CF68EAE91A691A29009BF032 /* Sources */,
				CF68EAEA1A691A29009BF032 /* Frameworks */,
				CF68EAEB1A691A29009BF032 /* Resources */,
			);
			buildRules = (
			);
			dependencies = (
			);
			name = RSSReader;
			productName = RSSReader;
			productReference = CF68EAED1A691A29009BF032 /* RSSReader.app */;
			productType = "com.apple.product-type.application";
		};
		CF68EB051A691A29009BF032 /* RSSReaderTests */ = {
			isa = PBXNativeTarget;
			buildConfigurationList = CF68EB131A691A29009BF032 /* Build configuration list for PBXNativeTarget "RSSReaderTests" */;
			buildPhases = (
				CF68EB021A691A29009BF032 /* Sources */,
				CF68EB031A691A29009BF032 /* Frameworks */,
				CF68EB041A691A29009BF032 /* Resources */,
			);
			buildRules = (
			);
			dependencies = (
				CF68EB081A691A29009BF032 /* PBXTargetDependency */,
			);
			name = RSSReaderTests;
			productName = RSSReaderTests;
			productReference = CF68EB061A691A29009BF032 /* RSSReaderTests.xctest */;
			productType = "com.apple.product-type.bundle.unit-test";
		};
/* End PBXNativeTarget section */

/* Begin PBXProject section */
		CF68EAE51A691A29009BF032 /* Project object */ = {
			isa = PBXProject;
			attributes = {
				LastUpgradeCheck = 0610;
				ORGANIZATIONNAME = "Михаил Куренков";
				TargetAttributes = {
					CF68EAEC1A691A29009BF032 = {
						CreatedOnToolsVersion = 6.1.1;
						SystemCapabilities = {
							com.apple.BackgroundModes = {
								enabled = 1;
							};
						};
					};
					CF68EB051A691A29009BF032 = {
						CreatedOnToolsVersion = 6.1.1;
						TestTargetID = CF68EAEC1A691A29009BF032;
					};
				};
			};
			buildConfigurationList = CF68EAE81A691A29009BF032 /* Build configuration list for PBXProject "RSSReader" */;
			compatibilityVersion = "Xcode 3.2";
			developmentRegion = English;
			hasScannedForEncodings = 0;
			knownRegions = (
				en,
				Base,
			);
			mainGroup = CF68EAE41A691A29009BF032;
			productRefGroup = CF68EAEE1A691A29009BF032 /* Products */;
			projectDirPath = "";
			projectRoot = "";
			targets = (
				CF68EAEC1A691A29009BF032 /* RSSReader */,
				CF68EB051A691A29009BF032 /* RSSReaderTests */,
			);
		};
/* End PBXProject section */

/* Begin PBXResourcesBuildPhase section */
		CF68EAEB1A691A29009BF032 /* Resources */ = {
			isa = PBXResourcesBuildPhase;
			buildActionMask = 2147483647;
			files = (
				CFD95B2A1A7768BC00A894B3 /* Images.xcassets in Resources */,
				CFD95B2C1A7768BC00A894B3 /* LaunchScreen.xib in Resources */,
				CFD95B2B1A7768BC00A894B3 /* Main.storyboard in Resources */,
			);
			runOnlyForDeploymentPostprocessing = 0;
		};
		CF68EB041A691A29009BF032 /* Resources */ = {
			isa = PBXResourcesBuildPhase;
			buildActionMask = 2147483647;
			files = (
			);
			runOnlyForDeploymentPostprocessing = 0;
		};
/* End PBXResourcesBuildPhase section */

/* Begin PBXSourcesBuildPhase section */
		CF68EAE91A691A29009BF032 /* Sources */ = {
			isa = PBXSourcesBuildPhase;
			buildActionMask = 2147483647;
			files = (
				CFD95B221A7768BC00A894B3 /* AppDelegate.m in Sources */,
				CFD95B231A7768BC00A894B3 /* NewsContentViewController.m in Sources */,
				CFD95B261A7768BC00A894B3 /* NewsForegroundDownloader.m in Sources */,
				CFD95B291A7768BC00A894B3 /* RSSParser.m in Sources */,
				CFD95B281A7768BC00A894B3 /* NewsSourse.m in Sources */,
				CFD95B701A7B8E7D00A894B3 /* NewsItem.m in Sources */,
				CFD95B3C1A7784C900A894B3 /* AddNewsFeedViewController.m in Sources */,
				CFD95B251A7768BC00A894B3 /* DownloadAndParseNewsOperation.m in Sources */,
				CFD95B2E1A7768BC00A894B3 /* main.m in Sources */,
				CFD95B4B1A783E8600A894B3 /* NewsFeedsDataModel.xcdatamodeld in Sources */,
				CFD95B371A77757500A894B3 /* NewsFeedSourse.m in Sources */,
				CFDA2E971A8226B60068A632 /* NewsBackgroundDownloader.m in Sources */,
				CFD95B241A7768BC00A894B3 /* NewsListViewController.m in Sources */,
				CFD95B341A776E4300A894B3 /* NewsFeedTableViewController.m in Sources */,
				CFD95B6D1A7B8E7D00A894B3 /* NewsFeed.m in Sources */,
			);
			runOnlyForDeploymentPostprocessing = 0;
		};
		CF68EB021A691A29009BF032 /* Sources */ = {
			isa = PBXSourcesBuildPhase;
			buildActionMask = 2147483647;
			files = (
				CF68EB0D1A691A29009BF032 /* RSSReaderTests.m in Sources */,
			);
			runOnlyForDeploymentPostprocessing = 0;
		};
/* End PBXSourcesBuildPhase section */

/* Begin PBXTargetDependency section */
		CF68EB081A691A29009BF032 /* PBXTargetDependency */ = {
			isa = PBXTargetDependency;
			target = CF68EAEC1A691A29009BF032 /* RSSReader */;
			targetProxy = CF68EB071A691A29009BF032 /* PBXContainerItemProxy */;
		};
/* End PBXTargetDependency section */

/* Begin XCBuildConfiguration section */
		CF68EB0E1A691A29009BF032 /* Debug */ = {
			isa = XCBuildConfiguration;
			buildSettings = {
				ALWAYS_SEARCH_USER_PATHS = NO;
				CLANG_CXX_LANGUAGE_STANDARD = "gnu++0x";
				CLANG_CXX_LIBRARY = "libc++";
				CLANG_ENABLE_MODULES = YES;
				CLANG_ENABLE_OBJC_ARC = YES;
				CLANG_WARN_BOOL_CONVERSION = YES;
				CLANG_WARN_CONSTANT_CONVERSION = YES;
				CLANG_WARN_DIRECT_OBJC_ISA_USAGE = YES_ERROR;
				CLANG_WARN_EMPTY_BODY = YES;
				CLANG_WARN_ENUM_CONVERSION = YES;
				CLANG_WARN_INT_CONVERSION = YES;
				CLANG_WARN_OBJC_ROOT_CLASS = YES_ERROR;
				CLANG_WARN_UNREACHABLE_CODE = YES;
				CLANG_WARN__DUPLICATE_METHOD_MATCH = YES;
				"CODE_SIGN_IDENTITY[sdk=iphoneos*]" = "iPhone Developer";
				COPY_PHASE_STRIP = NO;
				ENABLE_STRICT_OBJC_MSGSEND = YES;
				GCC_C_LANGUAGE_STANDARD = gnu99;
				GCC_DYNAMIC_NO_PIC = NO;
				GCC_OPTIMIZATION_LEVEL = 0;
				GCC_PREPROCESSOR_DEFINITIONS = (
					"DEBUG=1",
					"$(inherited)",
				);
				GCC_SYMBOLS_PRIVATE_EXTERN = NO;
				GCC_WARN_64_TO_32_BIT_CONVERSION = YES;
				GCC_WARN_ABOUT_RETURN_TYPE = YES_ERROR;
				GCC_WARN_UNDECLARED_SELECTOR = YES;
				GCC_WARN_UNINITIALIZED_AUTOS = YES_AGGRESSIVE;
				GCC_WARN_UNUSED_FUNCTION = YES;
				GCC_WARN_UNUSED_VARIABLE = YES;
				IPHONEOS_DEPLOYMENT_TARGET = 8.1;
				MTL_ENABLE_DEBUG_INFO = YES;
				ONLY_ACTIVE_ARCH = YES;
				SDKROOT = iphoneos;
				TARGETED_DEVICE_FAMILY = "1,2";
			};
			name = Debug;
		};
		CF68EB0F1A691A29009BF032 /* Release */ = {
			isa = XCBuildConfiguration;
			buildSettings = {
				ALWAYS_SEARCH_USER_PATHS = NO;
				CLANG_CXX_LANGUAGE_STANDARD = "gnu++0x";
				CLANG_CXX_LIBRARY = "libc++";
				CLANG_ENABLE_MODULES = YES;
				CLANG_ENABLE_OBJC_ARC = YES;
				CLANG_WARN_BOOL_CONVERSION = YES;
				CLANG_WARN_CONSTANT_CONVERSION = YES;
				CLANG_WARN_DIRECT_OBJC_ISA_USAGE = YES_ERROR;
				CLANG_WARN_EMPTY_BODY = YES;
				CLANG_WARN_ENUM_CONVERSION = YES;
				CLANG_WARN_INT_CONVERSION = YES;
				CLANG_WARN_OBJC_ROOT_CLASS = YES_ERROR;
				CLANG_WARN_UNREACHABLE_CODE = YES;
				CLANG_WARN__DUPLICATE_METHOD_MATCH = YES;
				"CODE_SIGN_IDENTITY[sdk=iphoneos*]" = "iPhone Developer";
				COPY_PHASE_STRIP = YES;
				ENABLE_NS_ASSERTIONS = NO;
				ENABLE_STRICT_OBJC_MSGSEND = YES;
				GCC_C_LANGUAGE_STANDARD = gnu99;
				GCC_WARN_64_TO_32_BIT_CONVERSION = YES;
				GCC_WARN_ABOUT_RETURN_TYPE = YES_ERROR;
				GCC_WARN_UNDECLARED_SELECTOR = YES;
				GCC_WARN_UNINITIALIZED_AUTOS = YES_AGGRESSIVE;
				GCC_WARN_UNUSED_FUNCTION = YES;
				GCC_WARN_UNUSED_VARIABLE = YES;
				IPHONEOS_DEPLOYMENT_TARGET = 8.1;
				MTL_ENABLE_DEBUG_INFO = NO;
				SDKROOT = iphoneos;
				TARGETED_DEVICE_FAMILY = "1,2";
				VALIDATE_PRODUCT = YES;
			};
			name = Release;
		};
		CF68EB111A691A29009BF032 /* Debug */ = {
			isa = XCBuildConfiguration;
			buildSettings = {
				ASSETCATALOG_COMPILER_APPICON_NAME = AppIcon;
				INFOPLIST_FILE = "RSSReader/Supporting Files/Info.plist";
				LD_RUNPATH_SEARCH_PATHS = "$(inherited) @executable_path/Frameworks";
				PRODUCT_NAME = "$(TARGET_NAME)";
			};
			name = Debug;
		};
		CF68EB121A691A29009BF032 /* Release */ = {
			isa = XCBuildConfiguration;
			buildSettings = {
				ASSETCATALOG_COMPILER_APPICON_NAME = AppIcon;
				INFOPLIST_FILE = "RSSReader/Supporting Files/Info.plist";
				LD_RUNPATH_SEARCH_PATHS = "$(inherited) @executable_path/Frameworks";
				PRODUCT_NAME = "$(TARGET_NAME)";
			};
			name = Release;
		};
		CF68EB141A691A29009BF032 /* Debug */ = {
			isa = XCBuildConfiguration;
			buildSettings = {
				BUNDLE_LOADER = "$(TEST_HOST)";
				FRAMEWORK_SEARCH_PATHS = (
					"$(SDKROOT)/Developer/Library/Frameworks",
					"$(inherited)",
				);
				GCC_PREPROCESSOR_DEFINITIONS = (
					"DEBUG=1",
					"$(inherited)",
				);
				INFOPLIST_FILE = RSSReaderTests/Info.plist;
				LD_RUNPATH_SEARCH_PATHS = "$(inherited) @executable_path/Frameworks @loader_path/Frameworks";
				PRODUCT_NAME = "$(TARGET_NAME)";
				TEST_HOST = "$(BUILT_PRODUCTS_DIR)/RSSReader.app/RSSReader";
			};
			name = Debug;
		};
		CF68EB151A691A29009BF032 /* Release */ = {
			isa = XCBuildConfiguration;
			buildSettings = {
				BUNDLE_LOADER = "$(TEST_HOST)";
				FRAMEWORK_SEARCH_PATHS = (
					"$(SDKROOT)/Developer/Library/Frameworks",
					"$(inherited)",
				);
				INFOPLIST_FILE = RSSReaderTests/Info.plist;
				LD_RUNPATH_SEARCH_PATHS = "$(inherited) @executable_path/Frameworks @loader_path/Frameworks";
				PRODUCT_NAME = "$(TARGET_NAME)";
				TEST_HOST = "$(BUILT_PRODUCTS_DIR)/RSSReader.app/RSSReader";
			};
			name = Release;
		};
/* End XCBuildConfiguration section */

/* Begin XCConfigurationList section */
		CF68EAE81A691A29009BF032 /* Build configuration list for PBXProject "RSSReader" */ = {
			isa = XCConfigurationList;
			buildConfigurations = (
				CF68EB0E1A691A29009BF032 /* Debug */,
				CF68EB0F1A691A29009BF032 /* Release */,
			);
			defaultConfigurationIsVisible = 0;
			defaultConfigurationName = Release;
		};
		CF68EB101A691A29009BF032 /* Build configuration list for PBXNativeTarget "RSSReader" */ = {
			isa = XCConfigurationList;
			buildConfigurations = (
				CF68EB111A691A29009BF032 /* Debug */,
				CF68EB121A691A29009BF032 /* Release */,
			);
			defaultConfigurationIsVisible = 0;
			defaultConfigurationName = Release;
		};
		CF68EB131A691A29009BF032 /* Build configuration list for PBXNativeTarget "RSSReaderTests" */ = {
			isa = XCConfigurationList;
			buildConfigurations = (
				CF68EB141A691A29009BF032 /* Debug */,
				CF68EB151A691A29009BF032 /* Release */,
			);
			defaultConfigurationIsVisible = 0;
			defaultConfigurationName = Release;
		};
/* End XCConfigurationList section */

/* Begin XCVersionGroup section */
		CFD95B491A783E8600A894B3 /* NewsFeedsDataModel.xcdatamodeld */ = {
			isa = XCVersionGroup;
			children = (
				CFD95B4A1A783E8600A894B3 /* NewsFeedsDataModel.xcdatamodel */,
			);
			currentVersion = CFD95B4A1A783E8600A894B3 /* NewsFeedsDataModel.xcdatamodel */;
			path = NewsFeedsDataModel.xcdatamodeld;
			sourceTree = "<group>";
			versionGroupType = wrapper.xcdatamodel;
		};
/* End XCVersionGroup section */
	};
	rootObject = CF68EAE51A691A29009BF032 /* Project object */;
}
