// !$*UTF8*$!
{
	archiveVersion = 1;
	classes = {
	};
	objectVersion = 46;
	objects = {

/* Begin PBXBuildFile section */
		CF68EAF31A691A29009BF032 /* main.m in Sources */ = {isa = PBXBuildFile; fileRef = CF68EAF21A691A29009BF032 /* main.m */; };
		CF68EAF61A691A29009BF032 /* AppDelegate.m in Sources */ = {isa = PBXBuildFile; fileRef = CF68EAF51A691A29009BF032 /* AppDelegate.m */; };
		CF68EAFC1A691A29009BF032 /* Main.storyboard in Resources */ = {isa = PBXBuildFile; fileRef = CF68EAFA1A691A29009BF032 /* Main.storyboard */; };
		CF68EAFE1A691A29009BF032 /* Images.xcassets in Resources */ = {isa = PBXBuildFile; fileRef = CF68EAFD1A691A29009BF032 /* Images.xcassets */; };
		CF68EB011A691A29009BF032 /* LaunchScreen.xib in Resources */ = {isa = PBXBuildFile; fileRef = CF68EAFF1A691A29009BF032 /* LaunchScreen.xib */; };
		CF68EB0D1A691A29009BF032 /* RSSReaderTests.m in Sources */ = {isa = PBXBuildFile; fileRef = CF68EB0C1A691A29009BF032 /* RSSReaderTests.m */; };
		CFA550551A723C0700C55267 /* NewsContentViewController.m in Sources */ = {isa = PBXBuildFile; fileRef = CFA550521A723C0700C55267 /* NewsContentViewController.m */; };
		CFA550561A723C0700C55267 /* RSSListViewController.m in Sources */ = {isa = PBXBuildFile; fileRef = CFA550541A723C0700C55267 /* RSSListViewController.m */; };
		CFA550611A723C2900C55267 /* NewsDownloader.m in Sources */ = {isa = PBXBuildFile; fileRef = CFA550591A723C2900C55267 /* NewsDownloader.m */; };
		CFA550621A723C2900C55267 /* NewsItem.m in Sources */ = {isa = PBXBuildFile; fileRef = CFA5505C1A723C2900C55267 /* NewsItem.m */; };
		CFA550631A723C2900C55267 /* RSSParser.m in Sources */ = {isa = PBXBuildFile; fileRef = CFA550601A723C2900C55267 /* RSSParser.m */; };
/* End PBXBuildFile section */

/* Begin PBXContainerItemProxy section */
		CF68EB071A691A29009BF032 /* PBXContainerItemProxy */ = {
			isa = PBXContainerItemProxy;
			containerPortal = CF68EAE51A691A29009BF032 /* Project object */;
			proxyType = 1;
			remoteGlobalIDString = CF68EAEC1A691A29009BF032;
			remoteInfo = RSSReader;
		};
/* End PBXContainerItemProxy section */

/* Begin PBXFileReference section */
		CF68EAED1A691A29009BF032 /* RSSReader.app */ = {isa = PBXFileReference; explicitFileType = wrapper.application; includeInIndex = 0; path = RSSReader.app; sourceTree = BUILT_PRODUCTS_DIR; };
		CF68EAF11A691A29009BF032 /* Info.plist */ = {isa = PBXFileReference; lastKnownFileType = text.plist.xml; path = Info.plist; sourceTree = "<group>"; };
		CF68EAF21A691A29009BF032 /* main.m */ = {isa = PBXFileReference; lastKnownFileType = sourcecode.c.objc; path = main.m; sourceTree = "<group>"; };
		CF68EAF41A691A29009BF032 /* AppDelegate.h */ = {isa = PBXFileReference; lastKnownFileType = sourcecode.c.h; path = AppDelegate.h; sourceTree = "<group>"; };
		CF68EAF51A691A29009BF032 /* AppDelegate.m */ = {isa = PBXFileReference; lastKnownFileType = sourcecode.c.objc; path = AppDelegate.m; sourceTree = "<group>"; };
		CF68EAFB1A691A29009BF032 /* Base */ = {isa = PBXFileReference; lastKnownFileType = file.storyboard; name = Base; path = Base.lproj/Main.storyboard; sourceTree = "<group>"; };
		CF68EAFD1A691A29009BF032 /* Images.xcassets */ = {isa = PBXFileReference; lastKnownFileType = folder.assetcatalog; path = Images.xcassets; sourceTree = "<group>"; };
		CF68EB001A691A29009BF032 /* Base */ = {isa = PBXFileReference; lastKnownFileType = file.xib; name = Base; path = Base.lproj/LaunchScreen.xib; sourceTree = "<group>"; };
		CF68EB061A691A29009BF032 /* RSSReaderTests.xctest */ = {isa = PBXFileReference; explicitFileType = wrapper.cfbundle; includeInIndex = 0; path = RSSReaderTests.xctest; sourceTree = BUILT_PRODUCTS_DIR; };
		CF68EB0B1A691A29009BF032 /* Info.plist */ = {isa = PBXFileReference; lastKnownFileType = text.plist.xml; path = Info.plist; sourceTree = "<group>"; };
		CF68EB0C1A691A29009BF032 /* RSSReaderTests.m */ = {isa = PBXFileReference; lastKnownFileType = sourcecode.c.objc; path = RSSReaderTests.m; sourceTree = "<group>"; };
		CFA550511A723C0700C55267 /* NewsContentViewController.h */ = {isa = PBXFileReference; fileEncoding = 4; lastKnownFileType = sourcecode.c.h; name = NewsContentViewController.h; path = Controllers/NewsContentViewController.h; sourceTree = "<group>"; };
		CFA550521A723C0700C55267 /* NewsContentViewController.m */ = {isa = PBXFileReference; fileEncoding = 4; lastKnownFileType = sourcecode.c.objc; name = NewsContentViewController.m; path = Controllers/NewsContentViewController.m; sourceTree = "<group>"; };
		CFA550531A723C0700C55267 /* RSSListViewController.h */ = {isa = PBXFileReference; fileEncoding = 4; lastKnownFileType = sourcecode.c.h; name = RSSListViewController.h; path = Controllers/RSSListViewController.h; sourceTree = "<group>"; };
		CFA550541A723C0700C55267 /* RSSListViewController.m */ = {isa = PBXFileReference; fileEncoding = 4; lastKnownFileType = sourcecode.c.objc; name = RSSListViewController.m; path = Controllers/RSSListViewController.m; sourceTree = "<group>"; };
		CFA550581A723C2900C55267 /* NewsDownloader.h */ = {isa = PBXFileReference; fileEncoding = 4; lastKnownFileType = sourcecode.c.h; name = NewsDownloader.h; path = Model/NewsDownloader.h; sourceTree = "<group>"; };
		CFA550591A723C2900C55267 /* NewsDownloader.m */ = {isa = PBXFileReference; fileEncoding = 4; lastKnownFileType = sourcecode.c.objc; name = NewsDownloader.m; path = Model/NewsDownloader.m; sourceTree = "<group>"; };
		CFA5505A1A723C2900C55267 /* NewsDownloaderDelegate.h */ = {isa = PBXFileReference; fileEncoding = 4; lastKnownFileType = sourcecode.c.h; name = NewsDownloaderDelegate.h; path = Model/NewsDownloaderDelegate.h; sourceTree = "<group>"; };
		CFA5505B1A723C2900C55267 /* NewsItem.h */ = {isa = PBXFileReference; fileEncoding = 4; lastKnownFileType = sourcecode.c.h; name = NewsItem.h; path = Model/NewsItem.h; sourceTree = "<group>"; };
		CFA5505C1A723C2900C55267 /* NewsItem.m */ = {isa = PBXFileReference; fileEncoding = 4; lastKnownFileType = sourcecode.c.objc; name = NewsItem.m; path = Model/NewsItem.m; sourceTree = "<group>"; };
		CFA5505D1A723C2900C55267 /* NewsParser.h */ = {isa = PBXFileReference; fileEncoding = 4; lastKnownFileType = sourcecode.c.h; name = NewsParser.h; path = Model/NewsParser.h; sourceTree = "<group>"; };
		CFA5505E1A723C2900C55267 /* NewsParserDelegate.h */ = {isa = PBXFileReference; fileEncoding = 4; lastKnownFileType = sourcecode.c.h; name = NewsParserDelegate.h; path = Model/NewsParserDelegate.h; sourceTree = "<group>"; };
		CFA5505F1A723C2900C55267 /* RSSParser.h */ = {isa = PBXFileReference; fileEncoding = 4; lastKnownFileType = sourcecode.c.h; name = RSSParser.h; path = Model/RSSParser.h; sourceTree = "<group>"; };
		CFA550601A723C2900C55267 /* RSSParser.m */ = {isa = PBXFileReference; fileEncoding = 4; lastKnownFileType = sourcecode.c.objc; name = RSSParser.m; path = Model/RSSParser.m; sourceTree = "<group>"; };
/* End PBXFileReference section */

/* Begin PBXFrameworksBuildPhase section */
		CF68EAEA1A691A29009BF032 /* Frameworks */ = {
			isa = PBXFrameworksBuildPhase;
			buildActionMask = 2147483647;
			files = (
			);
			runOnlyForDeploymentPostprocessing = 0;
		};
		CF68EB031A691A29009BF032 /* Frameworks */ = {
			isa = PBXFrameworksBuildPhase;
			buildActionMask = 2147483647;
			files = (
			);
			runOnlyForDeploymentPostprocessing = 0;
		};
/* End PBXFrameworksBuildPhase section */

/* Begin PBXGroup section */
		CF68EAE41A691A29009BF032 = {
			isa = PBXGroup;
			children = (
				CF68EAEF1A691A29009BF032 /* RSSReader */,
				CF68EB091A691A29009BF032 /* RSSReaderTests */,
				CF68EAEE1A691A29009BF032 /* Products */,
			);
			sourceTree = "<group>";
		};
		CF68EAEE1A691A29009BF032 /* Products */ = {
			isa = PBXGroup;
			children = (
				CF68EAED1A691A29009BF032 /* RSSReader.app */,
				CF68EB061A691A29009BF032 /* RSSReaderTests.xctest */,
			);
			name = Products;
			sourceTree = "<group>";
		};
		CF68EAEF1A691A29009BF032 /* RSSReader */ = {
			isa = PBXGroup;
			children = (
				CFA550571A723C1500C55267 /* Model */,
				CFA550501A723AB600C55267 /* Controllers */,
				CF68EAF41A691A29009BF032 /* AppDelegate.h */,
				CF68EAF51A691A29009BF032 /* AppDelegate.m */,
				CF68EAFA1A691A29009BF032 /* Main.storyboard */,
				CF68EAFD1A691A29009BF032 /* Images.xcassets */,
				CF68EAFF1A691A29009BF032 /* LaunchScreen.xib */,
				CF68EAF01A691A29009BF032 /* Supporting Files */,
			);
			path = RSSReader;
			sourceTree = "<group>";
		};
		CF68EAF01A691A29009BF032 /* Supporting Files */ = {
			isa = PBXGroup;
			children = (
				CF68EAF11A691A29009BF032 /* Info.plist */,
				CF68EAF21A691A29009BF032 /* main.m */,
			);
			name = "Supporting Files";
			sourceTree = "<group>";
		};
		CF68EB091A691A29009BF032 /* RSSReaderTests */ = {
			isa = PBXGroup;
			children = (
				CF68EB0C1A691A29009BF032 /* RSSReaderTests.m */,
				CF68EB0A1A691A29009BF032 /* Supporting Files */,
			);
			path = RSSReaderTests;
			sourceTree = "<group>";
		};
		CF68EB0A1A691A29009BF032 /* Supporting Files */ = {
			isa = PBXGroup;
			children = (
				CF68EB0B1A691A29009BF032 /* Info.plist */,
			);
			name = "Supporting Files";
			sourceTree = "<group>";
		};
		CFA550501A723AB600C55267 /* Controllers */ = {
			isa = PBXGroup;
			children = (
				CFA550511A723C0700C55267 /* NewsContentViewController.h */,
				CFA550521A723C0700C55267 /* NewsContentViewController.m */,
				CFA550531A723C0700C55267 /* RSSListViewController.h */,
				CFA550541A723C0700C55267 /* RSSListViewController.m */,
			);
			name = Controllers;
			sourceTree = "<group>";
		};
		CFA550571A723C1500C55267 /* Model */ = {
			isa = PBXGroup;
			children = (
				CFA550581A723C2900C55267 /* NewsDownloader.h */,
				CFA550591A723C2900C55267 /* NewsDownloader.m */,
				CFA5505A1A723C2900C55267 /* NewsDownloaderDelegate.h */,
				CFA5505B1A723C2900C55267 /* NewsItem.h */,
				CFA5505C1A723C2900C55267 /* NewsItem.m */,
				CFA5505D1A723C2900C55267 /* NewsParser.h */,
				CFA5505E1A723C2900C55267 /* NewsParserDelegate.h */,
				CFA5505F1A723C2900C55267 /* RSSParser.h */,
				CFA550601A723C2900C55267 /* RSSParser.m */,
			);
			name = Model;
			sourceTree = "<group>";
		};
/* End PBXGroup section */

/* Begin PBXNativeTarget section */
		CF68EAEC1A691A29009BF032 /* RSSReader */ = {
			isa = PBXNativeTarget;
			buildConfigurationList = CF68EB101A691A29009BF032 /* Build configuration list for PBXNativeTarget "RSSReader" */;
			buildPhases = (
				CF68EAE91A691A29009BF032 /* Sources */,
				CF68EAEA1A691A29009BF032 /* Frameworks */,
				CF68EAEB1A691A29009BF032 /* Resources */,
			);
			buildRules = (
			);
			dependencies = (
			);
			name = RSSReader;
			productName = RSSReader;
			productReference = CF68EAED1A691A29009BF032 /* RSSReader.app */;
			productType = "com.apple.product-type.application";
		};
		CF68EB051A691A29009BF032 /* RSSReaderTests */ = {
			isa = PBXNativeTarget;
			buildConfigurationList = CF68EB131A691A29009BF032 /* Build configuration list for PBXNativeTarget "RSSReaderTests" */;
			buildPhases = (
				CF68EB021A691A29009BF032 /* Sources */,
				CF68EB031A691A29009BF032 /* Frameworks */,
				CF68EB041A691A29009BF032 /* Resources */,
			);
			buildRules = (
			);
			dependencies = (
				CF68EB081A691A29009BF032 /* PBXTargetDependency */,
			);
			name = RSSReaderTests;
			productName = RSSReaderTests;
			productReference = CF68EB061A691A29009BF032 /* RSSReaderTests.xctest */;
			productType = "com.apple.product-type.bundle.unit-test";
		};
/* End PBXNativeTarget section */

/* Begin PBXProject section */
		CF68EAE51A691A29009BF032 /* Project object */ = {
			isa = PBXProject;
			attributes = {
				LastUpgradeCheck = 0610;
				ORGANIZATIONNAME = "Михаил Куренков";
				TargetAttributes = {
					CF68EAEC1A691A29009BF032 = {
						CreatedOnToolsVersion = 6.1.1;
					};
					CF68EB051A691A29009BF032 = {
						CreatedOnToolsVersion = 6.1.1;
						TestTargetID = CF68EAEC1A691A29009BF032;
					};
				};
			};
			buildConfigurationList = CF68EAE81A691A29009BF032 /* Build configuration list for PBXProject "RSSReader" */;
			compatibilityVersion = "Xcode 3.2";
			developmentRegion = English;
			hasScannedForEncodings = 0;
			knownRegions = (
				en,
				Base,
			);
			mainGroup = CF68EAE41A691A29009BF032;
			productRefGroup = CF68EAEE1A691A29009BF032 /* Products */;
			projectDirPath = "";
			projectRoot = "";
			targets = (
				CF68EAEC1A691A29009BF032 /* RSSReader */,
				CF68EB051A691A29009BF032 /* RSSReaderTests */,
			);
		};
/* End PBXProject section */

/* Begin PBXResourcesBuildPhase section */
		CF68EAEB1A691A29009BF032 /* Resources */ = {
			isa = PBXResourcesBuildPhase;
			buildActionMask = 2147483647;
			files = (
				CF68EAFC1A691A29009BF032 /* Main.storyboard in Resources */,
				CF68EB011A691A29009BF032 /* LaunchScreen.xib in Resources */,
				CF68EAFE1A691A29009BF032 /* Images.xcassets in Resources */,
			);
			runOnlyForDeploymentPostprocessing = 0;
		};
		CF68EB041A691A29009BF032 /* Resources */ = {
			isa = PBXResourcesBuildPhase;
			buildActionMask = 2147483647;
			files = (
			);
			runOnlyForDeploymentPostprocessing = 0;
		};
/* End PBXResourcesBuildPhase section */

/* Begin PBXSourcesBuildPhase section */
		CF68EAE91A691A29009BF032 /* Sources */ = {
			isa = PBXSourcesBuildPhase;
			buildActionMask = 2147483647;
			files = (
				CFA550561A723C0700C55267 /* RSSListViewController.m in Sources */,
				CF68EAF61A691A29009BF032 /* AppDelegate.m in Sources */,
				CFA550551A723C0700C55267 /* NewsContentViewController.m in Sources */,
				CFA550621A723C2900C55267 /* NewsItem.m in Sources */,
				CFA550631A723C2900C55267 /* RSSParser.m in Sources */,
				CF68EAF31A691A29009BF032 /* main.m in Sources */,
				CFA550611A723C2900C55267 /* NewsDownloader.m in Sources */,
			);
			runOnlyForDeploymentPostprocessing = 0;
		};
		CF68EB021A691A29009BF032 /* Sources */ = {
			isa = PBXSourcesBuildPhase;
			buildActionMask = 2147483647;
			files = (
				CF68EB0D1A691A29009BF032 /* RSSReaderTests.m in Sources */,
			);
			runOnlyForDeploymentPostprocessing = 0;
		};
/* End PBXSourcesBuildPhase section */

/* Begin PBXTargetDependency section */
		CF68EB081A691A29009BF032 /* PBXTargetDependency */ = {
			isa = PBXTargetDependency;
			target = CF68EAEC1A691A29009BF032 /* RSSReader */;
			targetProxy = CF68EB071A691A29009BF032 /* PBXContainerItemProxy */;
		};
/* End PBXTargetDependency section */

/* Begin PBXVariantGroup section */
		CF68EAFA1A691A29009BF032 /* Main.storyboard */ = {
			isa = PBXVariantGroup;
			children = (
				CF68EAFB1A691A29009BF032 /* Base */,
			);
			name = Main.storyboard;
			sourceTree = "<group>";
		};
		CF68EAFF1A691A29009BF032 /* LaunchScreen.xib */ = {
			isa = PBXVariantGroup;
			children = (
				CF68EB001A691A29009BF032 /* Base */,
			);
			name = LaunchScreen.xib;
			sourceTree = "<group>";
		};
/* End PBXVariantGroup section */

/* Begin XCBuildConfiguration section */
		CF68EB0E1A691A29009BF032 /* Debug */ = {
			isa = XCBuildConfiguration;
			buildSettings = {
				ALWAYS_SEARCH_USER_PATHS = NO;
				CLANG_CXX_LANGUAGE_STANDARD = "gnu++0x";
				CLANG_CXX_LIBRARY = "libc++";
				CLANG_ENABLE_MODULES = YES;
				CLANG_ENABLE_OBJC_ARC = YES;
				CLANG_WARN_BOOL_CONVERSION = YES;
				CLANG_WARN_CONSTANT_CONVERSION = YES;
				CLANG_WARN_DIRECT_OBJC_ISA_USAGE = YES_ERROR;
				CLANG_WARN_EMPTY_BODY = YES;
				CLANG_WARN_ENUM_CONVERSION = YES;
				CLANG_WARN_INT_CONVERSION = YES;
				CLANG_WARN_OBJC_ROOT_CLASS = YES_ERROR;
				CLANG_WARN_UNREACHABLE_CODE = YES;
				CLANG_WARN__DUPLICATE_METHOD_MATCH = YES;
				"CODE_SIGN_IDENTITY[sdk=iphoneos*]" = "iPhone Developer";
				COPY_PHASE_STRIP = NO;
				ENABLE_STRICT_OBJC_MSGSEND = YES;
				GCC_C_LANGUAGE_STANDARD = gnu99;
				GCC_DYNAMIC_NO_PIC = NO;
				GCC_OPTIMIZATION_LEVEL = 0;
				GCC_PREPROCESSOR_DEFINITIONS = (
					"DEBUG=1",
					"$(inherited)",
				);
				GCC_SYMBOLS_PRIVATE_EXTERN = NO;
				GCC_WARN_64_TO_32_BIT_CONVERSION = YES;
				GCC_WARN_ABOUT_RETURN_TYPE = YES_ERROR;
				GCC_WARN_UNDECLARED_SELECTOR = YES;
				GCC_WARN_UNINITIALIZED_AUTOS = YES_AGGRESSIVE;
				GCC_WARN_UNUSED_FUNCTION = YES;
				GCC_WARN_UNUSED_VARIABLE = YES;
				IPHONEOS_DEPLOYMENT_TARGET = 8.1;
				MTL_ENABLE_DEBUG_INFO = YES;
				ONLY_ACTIVE_ARCH = YES;
				SDKROOT = iphoneos;
				TARGETED_DEVICE_FAMILY = "1,2";
			};
			name = Debug;
		};
		CF68EB0F1A691A29009BF032 /* Release */ = {
			isa = XCBuildConfiguration;
			buildSettings = {
				ALWAYS_SEARCH_USER_PATHS = NO;
				CLANG_CXX_LANGUAGE_STANDARD = "gnu++0x";
				CLANG_CXX_LIBRARY = "libc++";
				CLANG_ENABLE_MODULES = YES;
				CLANG_ENABLE_OBJC_ARC = YES;
				CLANG_WARN_BOOL_CONVERSION = YES;
				CLANG_WARN_CONSTANT_CONVERSION = YES;
				CLANG_WARN_DIRECT_OBJC_ISA_USAGE = YES_ERROR;
				CLANG_WARN_EMPTY_BODY = YES;
				CLANG_WARN_ENUM_CONVERSION = YES;
				CLANG_WARN_INT_CONVERSION = YES;
				CLANG_WARN_OBJC_ROOT_CLASS = YES_ERROR;
				CLANG_WARN_UNREACHABLE_CODE = YES;
				CLANG_WARN__DUPLICATE_METHOD_MATCH = YES;
				"CODE_SIGN_IDENTITY[sdk=iphoneos*]" = "iPhone Developer";
				COPY_PHASE_STRIP = YES;
				ENABLE_NS_ASSERTIONS = NO;
				ENABLE_STRICT_OBJC_MSGSEND = YES;
				GCC_C_LANGUAGE_STANDARD = gnu99;
				GCC_WARN_64_TO_32_BIT_CONVERSION = YES;
				GCC_WARN_ABOUT_RETURN_TYPE = YES_ERROR;
				GCC_WARN_UNDECLARED_SELECTOR = YES;
				GCC_WARN_UNINITIALIZED_AUTOS = YES_AGGRESSIVE;
				GCC_WARN_UNUSED_FUNCTION = YES;
				GCC_WARN_UNUSED_VARIABLE = YES;
				IPHONEOS_DEPLOYMENT_TARGET = 8.1;
				MTL_ENABLE_DEBUG_INFO = NO;
				SDKROOT = iphoneos;
				TARGETED_DEVICE_FAMILY = "1,2";
				VALIDATE_PRODUCT = YES;
			};
			name = Release;
		};
		CF68EB111A691A29009BF032 /* Debug */ = {
			isa = XCBuildConfiguration;
			buildSettings = {
				ASSETCATALOG_COMPILER_APPICON_NAME = AppIcon;
				INFOPLIST_FILE = RSSReader/Info.plist;
				LD_RUNPATH_SEARCH_PATHS = "$(inherited) @executable_path/Frameworks";
				PRODUCT_NAME = "$(TARGET_NAME)";
			};
			name = Debug;
		};
		CF68EB121A691A29009BF032 /* Release */ = {
			isa = XCBuildConfiguration;
			buildSettings = {
				ASSETCATALOG_COMPILER_APPICON_NAME = AppIcon;
				INFOPLIST_FILE = RSSReader/Info.plist;
				LD_RUNPATH_SEARCH_PATHS = "$(inherited) @executable_path/Frameworks";
				PRODUCT_NAME = "$(TARGET_NAME)";
			};
			name = Release;
		};
		CF68EB141A691A29009BF032 /* Debug */ = {
			isa = XCBuildConfiguration;
			buildSettings = {
				BUNDLE_LOADER = "$(TEST_HOST)";
				FRAMEWORK_SEARCH_PATHS = (
					"$(SDKROOT)/Developer/Library/Frameworks",
					"$(inherited)",
				);
				GCC_PREPROCESSOR_DEFINITIONS = (
					"DEBUG=1",
					"$(inherited)",
				);
				INFOPLIST_FILE = RSSReaderTests/Info.plist;
				LD_RUNPATH_SEARCH_PATHS = "$(inherited) @executable_path/Frameworks @loader_path/Frameworks";
				PRODUCT_NAME = "$(TARGET_NAME)";
				TEST_HOST = "$(BUILT_PRODUCTS_DIR)/RSSReader.app/RSSReader";
			};
			name = Debug;
		};
		CF68EB151A691A29009BF032 /* Release */ = {
			isa = XCBuildConfiguration;
			buildSettings = {
				BUNDLE_LOADER = "$(TEST_HOST)";
				FRAMEWORK_SEARCH_PATHS = (
					"$(SDKROOT)/Developer/Library/Frameworks",
					"$(inherited)",
				);
				INFOPLIST_FILE = RSSReaderTests/Info.plist;
				LD_RUNPATH_SEARCH_PATHS = "$(inherited) @executable_path/Frameworks @loader_path/Frameworks";
				PRODUCT_NAME = "$(TARGET_NAME)";
				TEST_HOST = "$(BUILT_PRODUCTS_DIR)/RSSReader.app/RSSReader";
			};
			name = Release;
		};
/* End XCBuildConfiguration section */

/* Begin XCConfigurationList section */
		CF68EAE81A691A29009BF032 /* Build configuration list for PBXProject "RSSReader" */ = {
			isa = XCConfigurationList;
			buildConfigurations = (
				CF68EB0E1A691A29009BF032 /* Debug */,
				CF68EB0F1A691A29009BF032 /* Release */,
			);
			defaultConfigurationIsVisible = 0;
			defaultConfigurationName = Release;
		};
		CF68EB101A691A29009BF032 /* Build configuration list for PBXNativeTarget "RSSReader" */ = {
			isa = XCConfigurationList;
			buildConfigurations = (
				CF68EB111A691A29009BF032 /* Debug */,
				CF68EB121A691A29009BF032 /* Release */,
			);
			defaultConfigurationIsVisible = 0;
			defaultConfigurationName = Release;
		};
		CF68EB131A691A29009BF032 /* Build configuration list for PBXNativeTarget "RSSReaderTests" */ = {
			isa = XCConfigurationList;
			buildConfigurations = (
				CF68EB141A691A29009BF032 /* Debug */,
				CF68EB151A691A29009BF032 /* Release */,
			);
			defaultConfigurationIsVisible = 0;
			defaultConfigurationName = Release;
		};
/* End XCConfigurationList section */
	};
	rootObject = CF68EAE51A691A29009BF032 /* Project object */;
}
